
Microsoft Visual Studio Solution File, Format Version 12.00
# Visual Studio Version 17
VisualStudioVersion = 17.8.34408.163
MinimumVisualStudioVersion = 10.0.40219.1
Project("{FAE04EC0-301F-11D3-BF4B-00C04F79EFBC}") = "ödev-82", "ödev-82\ödev-82.csproj", "{81DD3F96-0DAC-40D7-813C-11EF0CB8E6AF}"
EndProject
Global
	GlobalSection(SolutionConfigurationPlatforms) = preSolution
		Debug|Any CPU = Debug|Any CPU
		Release|Any CPU = Release|Any CPU
	EndGlobalSection
	GlobalSection(ProjectConfigurationPlatforms) = postSolution
		{81DD3F96-0DAC-40D7-813C-11EF0CB8E6AF}.Debug|Any CPU.ActiveCfg = Debug|Any CPU
		{81DD3F96-0DAC-40D7-813C-11EF0CB8E6AF}.Debug|Any CPU.Build.0 = Debug|Any CPU
		{81DD3F96-0DAC-40D7-813C-11EF0CB8E6AF}.Release|Any CPU.ActiveCfg = Release|Any CPU
		{81DD3F96-0DAC-40D7-813C-11EF0CB8E6AF}.Release|Any CPU.Build.0 = Release|Any CPU
	EndGlobalSection
	GlobalSection(SolutionProperties) = preSolution
		HideSolutionNode = FALSE
	EndGlobalSection
	GlobalSection(ExtensibilityGlobals) = postSolution
		SolutionGuid = {75F8A313-C9A9-4CF2-AEAC-AE3DA06AA509}
	EndGlobalSection
EndGlobal
